// !$*UTF8*$!
{
	archiveVersion = 1;
	classes = {
	};
	objectVersion = 48;
	objects = {

/* Begin PBXBuildFile section */
		2E1124361DF1EEAC00FC5DDC /* CloudKit.framework in Frameworks */ = {isa = PBXBuildFile; fileRef = 2E1124351DF1EEAC00FC5DDC /* CloudKit.framework */; };
		2E426E631DE36DB80091B35F /* main.m in Sources */ = {isa = PBXBuildFile; fileRef = 2E426E621DE36DB80091B35F /* main.m */; };
		2E426E661DE36DB80091B35F /* AppDelegate.m in Sources */ = {isa = PBXBuildFile; fileRef = 2E426E651DE36DB80091B35F /* AppDelegate.m */; };
		2E426E691DE36DB80091B35F /* CounterViewController.m in Sources */ = {isa = PBXBuildFile; fileRef = 2E426E681DE36DB80091B35F /* CounterViewController.m */; };
		2E426E6C1DE36DB80091B35F /* Main.storyboard in Resources */ = {isa = PBXBuildFile; fileRef = 2E426E6A1DE36DB80091B35F /* Main.storyboard */; };
		2E426E711DE36DB80091B35F /* Assets.xcassets in Resources */ = {isa = PBXBuildFile; fileRef = 2E426E701DE36DB80091B35F /* Assets.xcassets */; };
		2E426E741DE36DB80091B35F /* LaunchScreen.storyboard in Resources */ = {isa = PBXBuildFile; fileRef = 2E426E721DE36DB80091B35F /* LaunchScreen.storyboard */; };
		2E426E7F1DE36DB80091B35F /* Trick_or_Treat_CounterTests.m in Sources */ = {isa = PBXBuildFile; fileRef = 2E426E7E1DE36DB80091B35F /* Trick_or_Treat_CounterTests.m */; };
		2E426E8A1DE36DB80091B35F /* Trick_or_Treat_CounterUITests.m in Sources */ = {isa = PBXBuildFile; fileRef = 2E426E891DE36DB80091B35F /* Trick_or_Treat_CounterUITests.m */; };
		2E426E9F1DE36FB60091B35F /* CounterButton.m in Sources */ = {isa = PBXBuildFile; fileRef = 2E426E9E1DE36FB60091B35F /* CounterButton.m */; };
		2E7D36611DF0D972004DB1E7 /* LoginVC.m in Sources */ = {isa = PBXBuildFile; fileRef = 2E7D36601DF0D972004DB1E7 /* LoginVC.m */; };
		2E7D36641DF0DD7A004DB1E7 /* CreateAccountViewController.m in Sources */ = {isa = PBXBuildFile; fileRef = 2E7D36631DF0DD7A004DB1E7 /* CreateAccountViewController.m */; };
		2E900B671DE63CF6003F15DA /* DataModel.xcdatamodeld in Sources */ = {isa = PBXBuildFile; fileRef = 2E900B651DE63CF6003F15DA /* DataModel.xcdatamodeld */; };
		2EC32D021DF76C1E00DC0AE2 /* User+CoreDataClass.m in Sources */ = {isa = PBXBuildFile; fileRef = 2EC32CFB1DF76C1E00DC0AE2 /* User+CoreDataClass.m */; };
		2EC32D031DF76C1E00DC0AE2 /* User+CoreDataProperties.m in Sources */ = {isa = PBXBuildFile; fileRef = 2EC32CFD1DF76C1E00DC0AE2 /* User+CoreDataProperties.m */; };
		2EC32D041DF76C1E00DC0AE2 /* Year+CoreDataClass.m in Sources */ = {isa = PBXBuildFile; fileRef = 2EC32CFF1DF76C1E00DC0AE2 /* Year+CoreDataClass.m */; };
		2EC32D051DF76C1E00DC0AE2 /* Year+CoreDataProperties.m in Sources */ = {isa = PBXBuildFile; fileRef = 2EC32D011DF76C1E00DC0AE2 /* Year+CoreDataProperties.m */; };
		2ED1D4EC1DE4AA0500EEB9EC /* YearsTableViewController.m in Sources */ = {isa = PBXBuildFile; fileRef = 2ED1D4EB1DE4AA0500EEB9EC /* YearsTableViewController.m */; };
/* End PBXBuildFile section */

/* Begin PBXContainerItemProxy section */
		2E426E7B1DE36DB80091B35F /* PBXContainerItemProxy */ = {
			isa = PBXContainerItemProxy;
			containerPortal = 2E426E561DE36DB80091B35F /* Project object */;
			proxyType = 1;
			remoteGlobalIDString = 2E426E5D1DE36DB80091B35F;
			remoteInfo = "Trick or Treat Counter";
		};
		2E426E861DE36DB80091B35F /* PBXContainerItemProxy */ = {
			isa = PBXContainerItemProxy;
			containerPortal = 2E426E561DE36DB80091B35F /* Project object */;
			proxyType = 1;
			remoteGlobalIDString = 2E426E5D1DE36DB80091B35F;
			remoteInfo = "Trick or Treat Counter";
		};
/* End PBXContainerItemProxy section */

/* Begin PBXCopyFilesBuildPhase section */
		2E498F031DE5000B00FB3D38 /* Embed Frameworks */ = {
			isa = PBXCopyFilesBuildPhase;
			buildActionMask = 2147483647;
			dstPath = "";
			dstSubfolderSpec = 10;
			files = (
			);
			name = "Embed Frameworks";
			runOnlyForDeploymentPostprocessing = 0;
		};
/* End PBXCopyFilesBuildPhase section */

/* Begin PBXFileReference section */
		2E1124341DF1EEA900FC5DDC /* Trick or Treat Counter.entitlements */ = {isa = PBXFileReference; lastKnownFileType = text.plist.entitlements; path = "Trick or Treat Counter.entitlements"; sourceTree = "<group>"; };
		2E1124351DF1EEAC00FC5DDC /* CloudKit.framework */ = {isa = PBXFileReference; lastKnownFileType = wrapper.framework; name = CloudKit.framework; path = System/Library/Frameworks/CloudKit.framework; sourceTree = SDKROOT; };
		2E426E5E1DE36DB80091B35F /* Trick or Treat Counter.app */ = {isa = PBXFileReference; explicitFileType = wrapper.application; includeInIndex = 0; path = "Trick or Treat Counter.app"; sourceTree = BUILT_PRODUCTS_DIR; };
		2E426E621DE36DB80091B35F /* main.m */ = {isa = PBXFileReference; lastKnownFileType = sourcecode.c.objc; path = main.m; sourceTree = "<group>"; };
		2E426E641DE36DB80091B35F /* AppDelegate.h */ = {isa = PBXFileReference; lastKnownFileType = sourcecode.c.h; path = AppDelegate.h; sourceTree = "<group>"; };
		2E426E651DE36DB80091B35F /* AppDelegate.m */ = {isa = PBXFileReference; lastKnownFileType = sourcecode.c.objc; path = AppDelegate.m; sourceTree = "<group>"; };
		2E426E671DE36DB80091B35F /* CounterViewController.h */ = {isa = PBXFileReference; lastKnownFileType = sourcecode.c.h; path = CounterViewController.h; sourceTree = "<group>"; };
		2E426E681DE36DB80091B35F /* CounterViewController.m */ = {isa = PBXFileReference; lastKnownFileType = sourcecode.c.objc; path = CounterViewController.m; sourceTree = "<group>"; };
		2E426E6B1DE36DB80091B35F /* Base */ = {isa = PBXFileReference; lastKnownFileType = file.storyboard; name = Base; path = Base.lproj/Main.storyboard; sourceTree = "<group>"; };
		2E426E701DE36DB80091B35F /* Assets.xcassets */ = {isa = PBXFileReference; lastKnownFileType = folder.assetcatalog; path = Assets.xcassets; sourceTree = "<group>"; };
		2E426E731DE36DB80091B35F /* Base */ = {isa = PBXFileReference; lastKnownFileType = file.storyboard; name = Base; path = Base.lproj/LaunchScreen.storyboard; sourceTree = "<group>"; };
		2E426E751DE36DB80091B35F /* Info.plist */ = {isa = PBXFileReference; lastKnownFileType = text.plist.xml; path = Info.plist; sourceTree = "<group>"; };
		2E426E7A1DE36DB80091B35F /* Trick or Treat CounterTests.xctest */ = {isa = PBXFileReference; explicitFileType = wrapper.cfbundle; includeInIndex = 0; path = "Trick or Treat CounterTests.xctest"; sourceTree = BUILT_PRODUCTS_DIR; };
		2E426E7E1DE36DB80091B35F /* Trick_or_Treat_CounterTests.m */ = {isa = PBXFileReference; lastKnownFileType = sourcecode.c.objc; path = Trick_or_Treat_CounterTests.m; sourceTree = "<group>"; };
		2E426E801DE36DB80091B35F /* Info.plist */ = {isa = PBXFileReference; lastKnownFileType = text.plist.xml; path = Info.plist; sourceTree = "<group>"; };
		2E426E851DE36DB80091B35F /* Trick or Treat CounterUITests.xctest */ = {isa = PBXFileReference; explicitFileType = wrapper.cfbundle; includeInIndex = 0; path = "Trick or Treat CounterUITests.xctest"; sourceTree = BUILT_PRODUCTS_DIR; };
		2E426E891DE36DB80091B35F /* Trick_or_Treat_CounterUITests.m */ = {isa = PBXFileReference; lastKnownFileType = sourcecode.c.objc; path = Trick_or_Treat_CounterUITests.m; sourceTree = "<group>"; };
		2E426E8B1DE36DB80091B35F /* Info.plist */ = {isa = PBXFileReference; lastKnownFileType = text.plist.xml; path = Info.plist; sourceTree = "<group>"; };
		2E426E9D1DE36FB60091B35F /* CounterButton.h */ = {isa = PBXFileReference; fileEncoding = 4; lastKnownFileType = sourcecode.c.h; path = CounterButton.h; sourceTree = "<group>"; };
		2E426E9E1DE36FB60091B35F /* CounterButton.m */ = {isa = PBXFileReference; fileEncoding = 4; lastKnownFileType = sourcecode.c.objc; path = CounterButton.m; sourceTree = "<group>"; };
		2E7D365F1DF0D972004DB1E7 /* LoginVC.h */ = {isa = PBXFileReference; fileEncoding = 4; lastKnownFileType = sourcecode.c.h; path = LoginVC.h; sourceTree = "<group>"; };
		2E7D36601DF0D972004DB1E7 /* LoginVC.m */ = {isa = PBXFileReference; fileEncoding = 4; lastKnownFileType = sourcecode.c.objc; path = LoginVC.m; sourceTree = "<group>"; };
		2E7D36621DF0DD7A004DB1E7 /* CreateAccountViewController.h */ = {isa = PBXFileReference; fileEncoding = 4; lastKnownFileType = sourcecode.c.h; path = CreateAccountViewController.h; sourceTree = "<group>"; };
		2E7D36631DF0DD7A004DB1E7 /* CreateAccountViewController.m */ = {isa = PBXFileReference; fileEncoding = 4; lastKnownFileType = sourcecode.c.objc; path = CreateAccountViewController.m; sourceTree = "<group>"; };
		2E8133831DEE18020015E0F7 /* DataModel 2.xcdatamodel */ = {isa = PBXFileReference; lastKnownFileType = wrapper.xcdatamodel; path = "DataModel 2.xcdatamodel"; sourceTree = "<group>"; };
		2E900B661DE63CF6003F15DA /* DataModel.xcdatamodel */ = {isa = PBXFileReference; lastKnownFileType = wrapper.xcdatamodel; path = DataModel.xcdatamodel; sourceTree = "<group>"; };
		2EC32CF91DF76BAB00DC0AE2 /* DataModel 3.xcdatamodel */ = {isa = PBXFileReference; lastKnownFileType = wrapper.xcdatamodel; path = "DataModel 3.xcdatamodel"; sourceTree = "<group>"; };
		2EC32CFA1DF76C1E00DC0AE2 /* User+CoreDataClass.h */ = {isa = PBXFileReference; fileEncoding = 4; lastKnownFileType = sourcecode.c.h; name = "User+CoreDataClass.h"; path = "../User+CoreDataClass.h"; sourceTree = "<group>"; };
		2EC32CFB1DF76C1E00DC0AE2 /* User+CoreDataClass.m */ = {isa = PBXFileReference; fileEncoding = 4; lastKnownFileType = sourcecode.c.objc; name = "User+CoreDataClass.m"; path = "../User+CoreDataClass.m"; sourceTree = "<group>"; };
		2EC32CFC1DF76C1E00DC0AE2 /* User+CoreDataProperties.h */ = {isa = PBXFileReference; fileEncoding = 4; lastKnownFileType = sourcecode.c.h; name = "User+CoreDataProperties.h"; path = "../User+CoreDataProperties.h"; sourceTree = "<group>"; };
		2EC32CFD1DF76C1E00DC0AE2 /* User+CoreDataProperties.m */ = {isa = PBXFileReference; fileEncoding = 4; lastKnownFileType = sourcecode.c.objc; name = "User+CoreDataProperties.m"; path = "../User+CoreDataProperties.m"; sourceTree = "<group>"; };
		2EC32CFE1DF76C1E00DC0AE2 /* Year+CoreDataClass.h */ = {isa = PBXFileReference; fileEncoding = 4; lastKnownFileType = sourcecode.c.h; name = "Year+CoreDataClass.h"; path = "../Year+CoreDataClass.h"; sourceTree = "<group>"; };
		2EC32CFF1DF76C1E00DC0AE2 /* Year+CoreDataClass.m */ = {isa = PBXFileReference; fileEncoding = 4; lastKnownFileType = sourcecode.c.objc; name = "Year+CoreDataClass.m"; path = "../Year+CoreDataClass.m"; sourceTree = "<group>"; };
		2EC32D001DF76C1E00DC0AE2 /* Year+CoreDataProperties.h */ = {isa = PBXFileReference; fileEncoding = 4; lastKnownFileType = sourcecode.c.h; name = "Year+CoreDataProperties.h"; path = "../Year+CoreDataProperties.h"; sourceTree = "<group>"; };
		2EC32D011DF76C1E00DC0AE2 /* Year+CoreDataProperties.m */ = {isa = PBXFileReference; fileEncoding = 4; lastKnownFileType = sourcecode.c.objc; name = "Year+CoreDataProperties.m"; path = "../Year+CoreDataProperties.m"; sourceTree = "<group>"; };
		2ED1D4EA1DE4AA0500EEB9EC /* YearsTableViewController.h */ = {isa = PBXFileReference; fileEncoding = 4; lastKnownFileType = sourcecode.c.h; path = YearsTableViewController.h; sourceTree = "<group>"; };
		2ED1D4EB1DE4AA0500EEB9EC /* YearsTableViewController.m */ = {isa = PBXFileReference; fileEncoding = 4; lastKnownFileType = sourcecode.c.objc; path = YearsTableViewController.m; sourceTree = "<group>"; };
/* End PBXFileReference section */

/* Begin PBXFrameworksBuildPhase section */
		2E426E771DE36DB80091B35F /* Frameworks */ = {
			isa = PBXFrameworksBuildPhase;
			buildActionMask = 2147483647;
			files = (
			);
			runOnlyForDeploymentPostprocessing = 0;
		};
		2E426E821DE36DB80091B35F /* Frameworks */ = {
			isa = PBXFrameworksBuildPhase;
			buildActionMask = 2147483647;
			files = (
			);
			runOnlyForDeploymentPostprocessing = 0;
		};
		2E498F021DE5000B00FB3D38 /* Frameworks */ = {
			isa = PBXFrameworksBuildPhase;
			buildActionMask = 2147483647;
			files = (
				2E1124361DF1EEAC00FC5DDC /* CloudKit.framework in Frameworks */,
			);
			runOnlyForDeploymentPostprocessing = 0;
		};
/* End PBXFrameworksBuildPhase section */

/* Begin PBXGroup section */
		2E4110ED1DE4F701004E2EDA /* Frameworks */ = {
			isa = PBXGroup;
			children = (
				2E1124351DF1EEAC00FC5DDC /* CloudKit.framework */,
			);
			name = Frameworks;
			sourceTree = "<group>";
		};
		2E426E551DE36DB80091B35F = {
			isa = PBXGroup;
			children = (
				2E426E601DE36DB80091B35F /* Trick or Treat Counter */,
				2E426E7D1DE36DB80091B35F /* Trick or Treat CounterTests */,
				2E426E881DE36DB80091B35F /* Trick or Treat CounterUITests */,
				2E426E5F1DE36DB80091B35F /* Products */,
				2E4110ED1DE4F701004E2EDA /* Frameworks */,
			);
			sourceTree = "<group>";
		};
		2E426E5F1DE36DB80091B35F /* Products */ = {
			isa = PBXGroup;
			children = (
				2E426E5E1DE36DB80091B35F /* Trick or Treat Counter.app */,
				2E426E7A1DE36DB80091B35F /* Trick or Treat CounterTests.xctest */,
				2E426E851DE36DB80091B35F /* Trick or Treat CounterUITests.xctest */,
			);
			name = Products;
			sourceTree = "<group>";
		};
		2E426E601DE36DB80091B35F /* Trick or Treat Counter */ = {
			isa = PBXGroup;
			children = (
				2E1124341DF1EEA900FC5DDC /* Trick or Treat Counter.entitlements */,
				2E426E641DE36DB80091B35F /* AppDelegate.h */,
				2E426E651DE36DB80091B35F /* AppDelegate.m */,
				2E426E991DE36DF10091B35F /* Model */,
				2E426E981DE36DEC0091B35F /* View */,
				2E426E971DE36DE30091B35F /* Controller */,
				2E426E6A1DE36DB80091B35F /* Main.storyboard */,
				2E426E721DE36DB80091B35F /* LaunchScreen.storyboard */,
				2E426E701DE36DB80091B35F /* Assets.xcassets */,
				2E426E751DE36DB80091B35F /* Info.plist */,
				2E426E611DE36DB80091B35F /* Supporting Files */,
			);
			path = "Trick or Treat Counter";
			sourceTree = "<group>";
		};
		2E426E611DE36DB80091B35F /* Supporting Files */ = {
			isa = PBXGroup;
			children = (
				2E426E621DE36DB80091B35F /* main.m */,
			);
			name = "Supporting Files";
			sourceTree = "<group>";
		};
		2E426E7D1DE36DB80091B35F /* Trick or Treat CounterTests */ = {
			isa = PBXGroup;
			children = (
				2E426E7E1DE36DB80091B35F /* Trick_or_Treat_CounterTests.m */,
				2E426E801DE36DB80091B35F /* Info.plist */,
			);
			path = "Trick or Treat CounterTests";
			sourceTree = "<group>";
		};
		2E426E881DE36DB80091B35F /* Trick or Treat CounterUITests */ = {
			isa = PBXGroup;
			children = (
				2E426E891DE36DB80091B35F /* Trick_or_Treat_CounterUITests.m */,
				2E426E8B1DE36DB80091B35F /* Info.plist */,
			);
			path = "Trick or Treat CounterUITests";
			sourceTree = "<group>";
		};
		2E426E971DE36DE30091B35F /* Controller */ = {
			isa = PBXGroup;
			children = (
				2E426E671DE36DB80091B35F /* CounterViewController.h */,
				2E426E681DE36DB80091B35F /* CounterViewController.m */,
				2ED1D4EA1DE4AA0500EEB9EC /* YearsTableViewController.h */,
				2ED1D4EB1DE4AA0500EEB9EC /* YearsTableViewController.m */,
				2E7D365F1DF0D972004DB1E7 /* LoginVC.h */,
				2E7D36601DF0D972004DB1E7 /* LoginVC.m */,
				2E7D36621DF0DD7A004DB1E7 /* CreateAccountViewController.h */,
				2E7D36631DF0DD7A004DB1E7 /* CreateAccountViewController.m */,
			);
			name = Controller;
			sourceTree = "<group>";
		};
		2E426E981DE36DEC0091B35F /* View */ = {
			isa = PBXGroup;
			children = (
				2E426E9D1DE36FB60091B35F /* CounterButton.h */,
				2E426E9E1DE36FB60091B35F /* CounterButton.m */,
			);
			name = View;
			sourceTree = "<group>";
		};
		2E426E991DE36DF10091B35F /* Model */ = {
			isa = PBXGroup;
			children = (
				2E900B6E1DE63DA4003F15DA /* CoreDataFiles */,
			);
			name = Model;
			sourceTree = "<group>";
		};
		2E900B6E1DE63DA4003F15DA /* CoreDataFiles */ = {
			isa = PBXGroup;
			children = (
				2EC32CFA1DF76C1E00DC0AE2 /* User+CoreDataClass.h */,
				2EC32CFB1DF76C1E00DC0AE2 /* User+CoreDataClass.m */,
				2EC32CFC1DF76C1E00DC0AE2 /* User+CoreDataProperties.h */,
				2EC32CFD1DF76C1E00DC0AE2 /* User+CoreDataProperties.m */,
				2EC32CFE1DF76C1E00DC0AE2 /* Year+CoreDataClass.h */,
				2EC32CFF1DF76C1E00DC0AE2 /* Year+CoreDataClass.m */,
				2EC32D001DF76C1E00DC0AE2 /* Year+CoreDataProperties.h */,
				2EC32D011DF76C1E00DC0AE2 /* Year+CoreDataProperties.m */,
				2E900B651DE63CF6003F15DA /* DataModel.xcdatamodeld */,
			);
			name = CoreDataFiles;
			sourceTree = "<group>";
		};
/* End PBXGroup section */

/* Begin PBXNativeTarget section */
		2E426E5D1DE36DB80091B35F /* Trick or Treat Counter */ = {
			isa = PBXNativeTarget;
			buildConfigurationList = 2E426E8E1DE36DB80091B35F /* Build configuration list for PBXNativeTarget "Trick or Treat Counter" */;
			buildPhases = (
				2E426E5A1DE36DB80091B35F /* Sources */,
				2E426E5C1DE36DB80091B35F /* Resources */,
				2E498F021DE5000B00FB3D38 /* Frameworks */,
				2E498F031DE5000B00FB3D38 /* Embed Frameworks */,
			);
			buildRules = (
			);
			dependencies = (
			);
			name = "Trick or Treat Counter";
			productName = "Trick or Treat Counter";
			productReference = 2E426E5E1DE36DB80091B35F /* Trick or Treat Counter.app */;
			productType = "com.apple.product-type.application";
		};
		2E426E791DE36DB80091B35F /* Trick or Treat CounterTests */ = {
			isa = PBXNativeTarget;
			buildConfigurationList = 2E426E911DE36DB80091B35F /* Build configuration list for PBXNativeTarget "Trick or Treat CounterTests" */;
			buildPhases = (
				2E426E761DE36DB80091B35F /* Sources */,
				2E426E771DE36DB80091B35F /* Frameworks */,
				2E426E781DE36DB80091B35F /* Resources */,
			);
			buildRules = (
			);
			dependencies = (
				2E426E7C1DE36DB80091B35F /* PBXTargetDependency */,
			);
			name = "Trick or Treat CounterTests";
			productName = "Trick or Treat CounterTests";
			productReference = 2E426E7A1DE36DB80091B35F /* Trick or Treat CounterTests.xctest */;
			productType = "com.apple.product-type.bundle.unit-test";
		};
		2E426E841DE36DB80091B35F /* Trick or Treat CounterUITests */ = {
			isa = PBXNativeTarget;
			buildConfigurationList = 2E426E941DE36DB80091B35F /* Build configuration list for PBXNativeTarget "Trick or Treat CounterUITests" */;
			buildPhases = (
				2E426E811DE36DB80091B35F /* Sources */,
				2E426E821DE36DB80091B35F /* Frameworks */,
				2E426E831DE36DB80091B35F /* Resources */,
			);
			buildRules = (
			);
			dependencies = (
				2E426E871DE36DB80091B35F /* PBXTargetDependency */,
			);
			name = "Trick or Treat CounterUITests";
			productName = "Trick or Treat CounterUITests";
			productReference = 2E426E851DE36DB80091B35F /* Trick or Treat CounterUITests.xctest */;
			productType = "com.apple.product-type.bundle.ui-testing";
		};
/* End PBXNativeTarget section */

/* Begin PBXProject section */
		2E426E561DE36DB80091B35F /* Project object */ = {
			isa = PBXProject;
			attributes = {
				LastUpgradeCheck = 0810;
				ORGANIZATIONNAME = "Christopher Weaver";
				TargetAttributes = {
					2E426E5D1DE36DB80091B35F = {
						CreatedOnToolsVersion = 8.1;
						DevelopmentTeam = K55775FR34;
						LastSwiftMigration = 0810;
						ProvisioningStyle = Automatic;
						SystemCapabilities = {
							com.apple.Push = {
								enabled = 1;
							};
							com.apple.iCloud = {
								enabled = 1;
							};
						};
					};
					2E426E791DE36DB80091B35F = {
						CreatedOnToolsVersion = 8.1;
						DevelopmentTeam = K55775FR34;
						ProvisioningStyle = Automatic;
						TestTargetID = 2E426E5D1DE36DB80091B35F;
					};
					2E426E841DE36DB80091B35F = {
						CreatedOnToolsVersion = 8.1;
						DevelopmentTeam = K55775FR34;
						ProvisioningStyle = Automatic;
						TestTargetID = 2E426E5D1DE36DB80091B35F;
					};
				};
			};
			buildConfigurationList = 2E426E591DE36DB80091B35F /* Build configuration list for PBXProject "Trick or Treat Counter" */;
			compatibilityVersion = "Xcode 8.0";
			developmentRegion = English;
			hasScannedForEncodings = 0;
			knownRegions = (
				en,
				Base,
			);
			mainGroup = 2E426E551DE36DB80091B35F;
			productRefGroup = 2E426E5F1DE36DB80091B35F /* Products */;
			projectDirPath = "";
			projectRoot = "";
			targets = (
				2E426E5D1DE36DB80091B35F /* Trick or Treat Counter */,
				2E426E791DE36DB80091B35F /* Trick or Treat CounterTests */,
				2E426E841DE36DB80091B35F /* Trick or Treat CounterUITests */,
			);
		};
/* End PBXProject section */

/* Begin PBXResourcesBuildPhase section */
		2E426E5C1DE36DB80091B35F /* Resources */ = {
			isa = PBXResourcesBuildPhase;
			buildActionMask = 2147483647;
			files = (
				2E426E741DE36DB80091B35F /* LaunchScreen.storyboard in Resources */,
				2E426E711DE36DB80091B35F /* Assets.xcassets in Resources */,
				2E426E6C1DE36DB80091B35F /* Main.storyboard in Resources */,
			);
			runOnlyForDeploymentPostprocessing = 0;
		};
		2E426E781DE36DB80091B35F /* Resources */ = {
			isa = PBXResourcesBuildPhase;
			buildActionMask = 2147483647;
			files = (
			);
			runOnlyForDeploymentPostprocessing = 0;
		};
		2E426E831DE36DB80091B35F /* Resources */ = {
			isa = PBXResourcesBuildPhase;
			buildActionMask = 2147483647;
			files = (
			);
			runOnlyForDeploymentPostprocessing = 0;
		};
/* End PBXResourcesBuildPhase section */

/* Begin PBXSourcesBuildPhase section */
		2E426E5A1DE36DB80091B35F /* Sources */ = {
			isa = PBXSourcesBuildPhase;
			buildActionMask = 2147483647;
			files = (
				2EC32D051DF76C1E00DC0AE2 /* Year+CoreDataProperties.m in Sources */,
				2EC32D031DF76C1E00DC0AE2 /* User+CoreDataProperties.m in Sources */,
				2E426E691DE36DB80091B35F /* CounterViewController.m in Sources */,
				2E7D36641DF0DD7A004DB1E7 /* CreateAccountViewController.m in Sources */,
				2E7D36611DF0D972004DB1E7 /* LoginVC.m in Sources */,
				2E426E661DE36DB80091B35F /* AppDelegate.m in Sources */,
				2ED1D4EC1DE4AA0500EEB9EC /* YearsTableViewController.m in Sources */,
				2E900B671DE63CF6003F15DA /* DataModel.xcdatamodeld in Sources */,
				2EC32D041DF76C1E00DC0AE2 /* Year+CoreDataClass.m in Sources */,
				2EC32D021DF76C1E00DC0AE2 /* User+CoreDataClass.m in Sources */,
				2E426E9F1DE36FB60091B35F /* CounterButton.m in Sources */,
				2E426E631DE36DB80091B35F /* main.m in Sources */,
			);
			runOnlyForDeploymentPostprocessing = 0;
		};
		2E426E761DE36DB80091B35F /* Sources */ = {
			isa = PBXSourcesBuildPhase;
			buildActionMask = 2147483647;
			files = (
				2E426E7F1DE36DB80091B35F /* Trick_or_Treat_CounterTests.m in Sources */,
			);
			runOnlyForDeploymentPostprocessing = 0;
		};
		2E426E811DE36DB80091B35F /* Sources */ = {
			isa = PBXSourcesBuildPhase;
			buildActionMask = 2147483647;
			files = (
				2E426E8A1DE36DB80091B35F /* Trick_or_Treat_CounterUITests.m in Sources */,
			);
			runOnlyForDeploymentPostprocessing = 0;
		};
/* End PBXSourcesBuildPhase section */

/* Begin PBXTargetDependency section */
		2E426E7C1DE36DB80091B35F /* PBXTargetDependency */ = {
			isa = PBXTargetDependency;
			target = 2E426E5D1DE36DB80091B35F /* Trick or Treat Counter */;
			targetProxy = 2E426E7B1DE36DB80091B35F /* PBXContainerItemProxy */;
		};
		2E426E871DE36DB80091B35F /* PBXTargetDependency */ = {
			isa = PBXTargetDependency;
			target = 2E426E5D1DE36DB80091B35F /* Trick or Treat Counter */;
			targetProxy = 2E426E861DE36DB80091B35F /* PBXContainerItemProxy */;
		};
/* End PBXTargetDependency section */

/* Begin PBXVariantGroup section */
		2E426E6A1DE36DB80091B35F /* Main.storyboard */ = {
			isa = PBXVariantGroup;
			children = (
				2E426E6B1DE36DB80091B35F /* Base */,
			);
			name = Main.storyboard;
			sourceTree = "<group>";
		};
		2E426E721DE36DB80091B35F /* LaunchScreen.storyboard */ = {
			isa = PBXVariantGroup;
			children = (
				2E426E731DE36DB80091B35F /* Base */,
			);
			name = LaunchScreen.storyboard;
			sourceTree = "<group>";
		};
/* End PBXVariantGroup section */

/* Begin XCBuildConfiguration section */
		2E426E8C1DE36DB80091B35F /* Debug */ = {
			isa = XCBuildConfiguration;
			buildSettings = {
				ALWAYS_SEARCH_USER_PATHS = NO;
				CLANG_ANALYZER_NONNULL = YES;
				CLANG_CXX_LANGUAGE_STANDARD = "gnu++0x";
				CLANG_CXX_LIBRARY = "libc++";
				CLANG_ENABLE_MODULES = YES;
				CLANG_ENABLE_OBJC_ARC = YES;
				CLANG_WARN_BOOL_CONVERSION = YES;
				CLANG_WARN_CONSTANT_CONVERSION = YES;
				CLANG_WARN_DIRECT_OBJC_ISA_USAGE = YES_ERROR;
				CLANG_WARN_DOCUMENTATION_COMMENTS = YES;
				CLANG_WARN_EMPTY_BODY = YES;
				CLANG_WARN_ENUM_CONVERSION = YES;
				CLANG_WARN_INFINITE_RECURSION = YES;
				CLANG_WARN_INT_CONVERSION = YES;
				CLANG_WARN_OBJC_ROOT_CLASS = YES_ERROR;
				CLANG_WARN_SUSPICIOUS_MOVES = YES;
				CLANG_WARN_UNREACHABLE_CODE = YES;
				CLANG_WARN__DUPLICATE_METHOD_MATCH = YES;
				"CODE_SIGN_IDENTITY[sdk=iphoneos*]" = "iPhone Developer";
				COPY_PHASE_STRIP = NO;
				DEBUG_INFORMATION_FORMAT = dwarf;
				ENABLE_STRICT_OBJC_MSGSEND = YES;
				ENABLE_TESTABILITY = YES;
				GCC_C_LANGUAGE_STANDARD = gnu99;
				GCC_DYNAMIC_NO_PIC = NO;
				GCC_NO_COMMON_BLOCKS = YES;
				GCC_OPTIMIZATION_LEVEL = 0;
				GCC_PREPROCESSOR_DEFINITIONS = (
					"DEBUG=1",
					"$(inherited)",
				);
				GCC_WARN_64_TO_32_BIT_CONVERSION = YES;
				GCC_WARN_ABOUT_RETURN_TYPE = YES_ERROR;
				GCC_WARN_UNDECLARED_SELECTOR = YES;
				GCC_WARN_UNINITIALIZED_AUTOS = YES_AGGRESSIVE;
				GCC_WARN_UNUSED_FUNCTION = YES;
				GCC_WARN_UNUSED_VARIABLE = YES;
				IPHONEOS_DEPLOYMENT_TARGET = 10.1;
				MTL_ENABLE_DEBUG_INFO = YES;
				ONLY_ACTIVE_ARCH = YES;
				SDKROOT = iphoneos;
				TARGETED_DEVICE_FAMILY = "1,2";
			};
			name = Debug;
		};
		2E426E8D1DE36DB80091B35F /* Release */ = {
			isa = XCBuildConfiguration;
			buildSettings = {
				ALWAYS_SEARCH_USER_PATHS = NO;
				CLANG_ANALYZER_NONNULL = YES;
				CLANG_CXX_LANGUAGE_STANDARD = "gnu++0x";
				CLANG_CXX_LIBRARY = "libc++";
				CLANG_ENABLE_MODULES = YES;
				CLANG_ENABLE_OBJC_ARC = YES;
				CLANG_WARN_BOOL_CONVERSION = YES;
				CLANG_WARN_CONSTANT_CONVERSION = YES;
				CLANG_WARN_DIRECT_OBJC_ISA_USAGE = YES_ERROR;
				CLANG_WARN_DOCUMENTATION_COMMENTS = YES;
				CLANG_WARN_EMPTY_BODY = YES;
				CLANG_WARN_ENUM_CONVERSION = YES;
				CLANG_WARN_INFINITE_RECURSION = YES;
				CLANG_WARN_INT_CONVERSION = YES;
				CLANG_WARN_OBJC_ROOT_CLASS = YES_ERROR;
				CLANG_WARN_SUSPICIOUS_MOVES = YES;
				CLANG_WARN_UNREACHABLE_CODE = YES;
				CLANG_WARN__DUPLICATE_METHOD_MATCH = YES;
				"CODE_SIGN_IDENTITY[sdk=iphoneos*]" = "iPhone Developer";
				COPY_PHASE_STRIP = NO;
				DEBUG_INFORMATION_FORMAT = "dwarf-with-dsym";
				ENABLE_NS_ASSERTIONS = NO;
				ENABLE_STRICT_OBJC_MSGSEND = YES;
				GCC_C_LANGUAGE_STANDARD = gnu99;
				GCC_NO_COMMON_BLOCKS = YES;
				GCC_WARN_64_TO_32_BIT_CONVERSION = YES;
				GCC_WARN_ABOUT_RETURN_TYPE = YES_ERROR;
				GCC_WARN_UNDECLARED_SELECTOR = YES;
				GCC_WARN_UNINITIALIZED_AUTOS = YES_AGGRESSIVE;
				GCC_WARN_UNUSED_FUNCTION = YES;
				GCC_WARN_UNUSED_VARIABLE = YES;
				IPHONEOS_DEPLOYMENT_TARGET = 10.1;
				MTL_ENABLE_DEBUG_INFO = NO;
				SDKROOT = iphoneos;
				TARGETED_DEVICE_FAMILY = "1,2";
				VALIDATE_PRODUCT = YES;
			};
			name = Release;
		};
		2E426E8F1DE36DB80091B35F /* Debug */ = {
			isa = XCBuildConfiguration;
			buildSettings = {
				ASSETCATALOG_COMPILER_APPICON_NAME = AppIcon;
				CLANG_ENABLE_MODULES = YES;
				CODE_SIGN_ENTITLEMENTS = "Trick or Treat Counter/Trick or Treat Counter.entitlements";
				DEVELOPMENT_TEAM = K55775FR34;
				INFOPLIST_FILE = "Trick or Treat Counter/Info.plist";
				IPHONEOS_DEPLOYMENT_TARGET = 10.1;
				LD_RUNPATH_SEARCH_PATHS = "$(inherited) @executable_path/Frameworks";
				PRODUCT_BUNDLE_IDENTIFIER = "com.christopherweaver..Trick-or-Treat-Counter";
				PRODUCT_NAME = "$(TARGET_NAME)";
				SWIFT_OBJC_BRIDGING_HEADER = "Trick or Treat Counter-Bridging-Header.h";
				SWIFT_OPTIMIZATION_LEVEL = "-Onone";
				SWIFT_VERSION = 3.0;
			};
			name = Debug;
		};
		2E426E901DE36DB80091B35F /* Release */ = {
			isa = XCBuildConfiguration;
			buildSettings = {
				ASSETCATALOG_COMPILER_APPICON_NAME = AppIcon;
				CLANG_ENABLE_MODULES = YES;
				CODE_SIGN_ENTITLEMENTS = "Trick or Treat Counter/Trick or Treat Counter.entitlements";
				DEVELOPMENT_TEAM = K55775FR34;
				INFOPLIST_FILE = "Trick or Treat Counter/Info.plist";
				IPHONEOS_DEPLOYMENT_TARGET = 10.1;
				LD_RUNPATH_SEARCH_PATHS = "$(inherited) @executable_path/Frameworks";
				PRODUCT_BUNDLE_IDENTIFIER = "com.christopherweaver..Trick-or-Treat-Counter";
				PRODUCT_NAME = "$(TARGET_NAME)";
				SWIFT_OBJC_BRIDGING_HEADER = "Trick or Treat Counter-Bridging-Header.h";
				SWIFT_VERSION = 3.0;
			};
			name = Release;
		};
		2E426E921DE36DB80091B35F /* Debug */ = {
			isa = XCBuildConfiguration;
			buildSettings = {
				BUNDLE_LOADER = "$(TEST_HOST)";
				DEVELOPMENT_TEAM = K55775FR34;
				INFOPLIST_FILE = "Trick or Treat CounterTests/Info.plist";
				LD_RUNPATH_SEARCH_PATHS = "$(inherited) @executable_path/Frameworks @loader_path/Frameworks";
				PRODUCT_BUNDLE_IDENTIFIER = "com.christopherweaver..Trick-or-Treat-CounterTests";
				PRODUCT_NAME = "$(TARGET_NAME)";
				TEST_HOST = "$(BUILT_PRODUCTS_DIR)/Trick or Treat Counter.app/Trick or Treat Counter";
			};
			name = Debug;
		};
		2E426E931DE36DB80091B35F /* Release */ = {
			isa = XCBuildConfiguration;
			buildSettings = {
				BUNDLE_LOADER = "$(TEST_HOST)";
				DEVELOPMENT_TEAM = K55775FR34;
				INFOPLIST_FILE = "Trick or Treat CounterTests/Info.plist";
				LD_RUNPATH_SEARCH_PATHS = "$(inherited) @executable_path/Frameworks @loader_path/Frameworks";
				PRODUCT_BUNDLE_IDENTIFIER = "com.christopherweaver..Trick-or-Treat-CounterTests";
				PRODUCT_NAME = "$(TARGET_NAME)";
				TEST_HOST = "$(BUILT_PRODUCTS_DIR)/Trick or Treat Counter.app/Trick or Treat Counter";
			};
			name = Release;
		};
		2E426E951DE36DB80091B35F /* Debug */ = {
			isa = XCBuildConfiguration;
			buildSettings = {
				DEVELOPMENT_TEAM = K55775FR34;
				INFOPLIST_FILE = "Trick or Treat CounterUITests/Info.plist";
				LD_RUNPATH_SEARCH_PATHS = "$(inherited) @executable_path/Frameworks @loader_path/Frameworks";
				PRODUCT_BUNDLE_IDENTIFIER = "com.christopherweaver..Trick-or-Treat-CounterUITests";
				PRODUCT_NAME = "$(TARGET_NAME)";
				TEST_TARGET_NAME = "Trick or Treat Counter";
			};
			name = Debug;
		};
		2E426E961DE36DB80091B35F /* Release */ = {
			isa = XCBuildConfiguration;
			buildSettings = {
				DEVELOPMENT_TEAM = K55775FR34;
				INFOPLIST_FILE = "Trick or Treat CounterUITests/Info.plist";
				LD_RUNPATH_SEARCH_PATHS = "$(inherited) @executable_path/Frameworks @loader_path/Frameworks";
				PRODUCT_BUNDLE_IDENTIFIER = "com.christopherweaver..Trick-or-Treat-CounterUITests";
				PRODUCT_NAME = "$(TARGET_NAME)";
				TEST_TARGET_NAME = "Trick or Treat Counter";
			};
			name = Release;
		};
/* End XCBuildConfiguration section */

/* Begin XCConfigurationList section */
		2E426E591DE36DB80091B35F /* Build configuration list for PBXProject "Trick or Treat Counter" */ = {
			isa = XCConfigurationList;
			buildConfigurations = (
				2E426E8C1DE36DB80091B35F /* Debug */,
				2E426E8D1DE36DB80091B35F /* Release */,
			);
			defaultConfigurationIsVisible = 0;
			defaultConfigurationName = Release;
		};
		2E426E8E1DE36DB80091B35F /* Build configuration list for PBXNativeTarget "Trick or Treat Counter" */ = {
			isa = XCConfigurationList;
			buildConfigurations = (
				2E426E8F1DE36DB80091B35F /* Debug */,
				2E426E901DE36DB80091B35F /* Release */,
			);
			defaultConfigurationIsVisible = 0;
			defaultConfigurationName = Release;
		};
		2E426E911DE36DB80091B35F /* Build configuration list for PBXNativeTarget "Trick or Treat CounterTests" */ = {
			isa = XCConfigurationList;
			buildConfigurations = (
				2E426E921DE36DB80091B35F /* Debug */,
				2E426E931DE36DB80091B35F /* Release */,
			);
			defaultConfigurationIsVisible = 0;
			defaultConfigurationName = Release;
		};
		2E426E941DE36DB80091B35F /* Build configuration list for PBXNativeTarget "Trick or Treat CounterUITests" */ = {
			isa = XCConfigurationList;
			buildConfigurations = (
				2E426E951DE36DB80091B35F /* Debug */,
				2E426E961DE36DB80091B35F /* Release */,
			);
			defaultConfigurationIsVisible = 0;
			defaultConfigurationName = Release;
		};
/* End XCConfigurationList section */

/* Begin XCVersionGroup section */
		2E900B651DE63CF6003F15DA /* DataModel.xcdatamodeld */ = {
			isa = XCVersionGroup;
			children = (
				2EC32CF91DF76BAB00DC0AE2 /* DataModel 3.xcdatamodel */,
				2E8133831DEE18020015E0F7 /* DataModel 2.xcdatamodel */,
				2E900B661DE63CF6003F15DA /* DataModel.xcdatamodel */,
			);
			currentVersion = 2EC32CF91DF76BAB00DC0AE2 /* DataModel 3.xcdatamodel */;
			path = DataModel.xcdatamodeld;
			sourceTree = "<group>";
			versionGroupType = wrapper.xcdatamodel;
		};
/* End XCVersionGroup section */
	};
	rootObject = 2E426E561DE36DB80091B35F /* Project object */;
}
